// !$*UTF8*$!
{
	archiveVersion = 1;
	classes = {
	};
	objectVersion = 50;
	objects = {

/* Begin PBXBuildFile section */
		4B15379022160FBD009B5E52 /* LoginViewController.swift in Sources */ = {isa = PBXBuildFile; fileRef = 4B15378F22160FBD009B5E52 /* LoginViewController.swift */; };
		4B15379322161136009B5E52 /* Storage.swift in Sources */ = {isa = PBXBuildFile; fileRef = 4B15379222161136009B5E52 /* Storage.swift */; };
		4B1537952216A02E009B5E52 /* Switcher.swift in Sources */ = {isa = PBXBuildFile; fileRef = 4B1537942216A02E009B5E52 /* Switcher.swift */; };
		4B1537972216C4BC009B5E52 /* Login.swift in Sources */ = {isa = PBXBuildFile; fileRef = 4B1537962216C4BC009B5E52 /* Login.swift */; };
		4B15379922175D8A009B5E52 /* InfoFinance.swift in Sources */ = {isa = PBXBuildFile; fileRef = 4B15379822175D8A009B5E52 /* InfoFinance.swift */; };
		4B15379D221A074B009B5E52 /* CreateCheckViewController.swift in Sources */ = {isa = PBXBuildFile; fileRef = 4B15379C221A074B009B5E52 /* CreateCheckViewController.swift */; };
		4B15379F221A075C009B5E52 /* CreateCheckViewController.storyboard in Resources */ = {isa = PBXBuildFile; fileRef = 4B15379E221A075C009B5E52 /* CreateCheckViewController.storyboard */; };
		4B1537A1221A0EAA009B5E52 /* ItemsViewCell.swift in Sources */ = {isa = PBXBuildFile; fileRef = 4B1537A0221A0EAA009B5E52 /* ItemsViewCell.swift */; };
		4B1537A5221AF747009B5E52 /* CreateItemsViewController.swift in Sources */ = {isa = PBXBuildFile; fileRef = 4B1537A4221AF747009B5E52 /* CreateItemsViewController.swift */; };
		4B1537A7221AF955009B5E52 /* CreateItemsViewController.storyboard in Resources */ = {isa = PBXBuildFile; fileRef = 4B1537A6221AF955009B5E52 /* CreateItemsViewController.storyboard */; };
		4B1537AA221B056E009B5E52 /* IncomingViewController.storyboard in Resources */ = {isa = PBXBuildFile; fileRef = 4B1537A9221B056E009B5E52 /* IncomingViewController.storyboard */; };
		4B1537AC221B059F009B5E52 /* IncomingViewController.swift in Sources */ = {isa = PBXBuildFile; fileRef = 4B1537AB221B059F009B5E52 /* IncomingViewController.swift */; };
		4B1537AE221B28A1009B5E52 /* Incoming.swift in Sources */ = {isa = PBXBuildFile; fileRef = 4B1537AD221B28A1009B5E52 /* Incoming.swift */; };
		4B1537B1221BCE32009B5E52 /* CreateIncomingViewController.swift in Sources */ = {isa = PBXBuildFile; fileRef = 4B1537B0221BCE32009B5E52 /* CreateIncomingViewController.swift */; };
		4B1537B3221BCE45009B5E52 /* CreateIncomingViewController.storyboard in Resources */ = {isa = PBXBuildFile; fileRef = 4B1537B2221BCE45009B5E52 /* CreateIncomingViewController.storyboard */; };
		4B1537B5221BDDD8009B5E52 /* MessageId.swift in Sources */ = {isa = PBXBuildFile; fileRef = 4B1537B4221BDDD8009B5E52 /* MessageId.swift */; };
		4B1537B8221C1480009B5E52 /* Extention+Date.swift in Sources */ = {isa = PBXBuildFile; fileRef = 4B1537B7221C1480009B5E52 /* Extention+Date.swift */; };
		4B1537BB221CD6EF009B5E52 /* SignUpViewController.swift in Sources */ = {isa = PBXBuildFile; fileRef = 4B1537BA221CD6EE009B5E52 /* SignUpViewController.swift */; };
		4B1537BD221CD70A009B5E52 /* SignUpViewController.storyboard in Resources */ = {isa = PBXBuildFile; fileRef = 4B1537BC221CD709009B5E52 /* SignUpViewController.storyboard */; };
		4B1537BF221DA18A009B5E52 /* CheckTableViewCell.swift in Sources */ = {isa = PBXBuildFile; fileRef = 4B1537BE221DA18A009B5E52 /* CheckTableViewCell.swift */; };
		4B1537C2221DC0EA009B5E52 /* ItemViewController.swift in Sources */ = {isa = PBXBuildFile; fileRef = 4B1537C1221DC0EA009B5E52 /* ItemViewController.swift */; };
		4B1537C4221DC108009B5E52 /* ItemViewController.storyboard in Resources */ = {isa = PBXBuildFile; fileRef = 4B1537C3221DC108009B5E52 /* ItemViewController.storyboard */; };
		4B1537C7221DC43A009B5E52 /* ItemCreateViewController.storyboard in Resources */ = {isa = PBXBuildFile; fileRef = 4B1537C6221DC43A009B5E52 /* ItemCreateViewController.storyboard */; };
		4B1537C9221DC469009B5E52 /* ItemCreateViewController.swift in Sources */ = {isa = PBXBuildFile; fileRef = 4B1537C8221DC469009B5E52 /* ItemCreateViewController.swift */; };
		4B1537CC221F2DD2009B5E52 /* UpdateIncomingViewController.swift in Sources */ = {isa = PBXBuildFile; fileRef = 4B1537CB221F2DD2009B5E52 /* UpdateIncomingViewController.swift */; };
		4B1537CE221F2E18009B5E52 /* UpdateIncomingViewController.storyboard in Resources */ = {isa = PBXBuildFile; fileRef = 4B1537CD221F2E18009B5E52 /* UpdateIncomingViewController.storyboard */; };
		4B52CCCD220689B7007C3139 /* LoginViewController.storyboard in Resources */ = {isa = PBXBuildFile; fileRef = 4B52CCCC220689B7007C3139 /* LoginViewController.storyboard */; };
		4B5B1E1021EE3D26003D4D62 /* AppDelegate.swift in Sources */ = {isa = PBXBuildFile; fileRef = 4B5B1E0F21EE3D26003D4D62 /* AppDelegate.swift */; };
		4B5B1E1221EE3D26003D4D62 /* TabBarController.swift in Sources */ = {isa = PBXBuildFile; fileRef = 4B5B1E1121EE3D26003D4D62 /* TabBarController.swift */; };
		4B5B1E1521EE3D26003D4D62 /* TabBarController.storyboard in Resources */ = {isa = PBXBuildFile; fileRef = 4B5B1E1321EE3D26003D4D62 /* TabBarController.storyboard */; };
		4B5B1E1721EE3D27003D4D62 /* Assets.xcassets in Resources */ = {isa = PBXBuildFile; fileRef = 4B5B1E1621EE3D27003D4D62 /* Assets.xcassets */; };
		4B5B1E1A21EE3D27003D4D62 /* LaunchScreen.storyboard in Resources */ = {isa = PBXBuildFile; fileRef = 4B5B1E1821EE3D27003D4D62 /* LaunchScreen.storyboard */; };
		4B5B1E2321EE4414003D4D62 /* GeneralViewController.swift in Sources */ = {isa = PBXBuildFile; fileRef = 4B5B1E2221EE4414003D4D62 /* GeneralViewController.swift */; };
		4B5B1E2521EE4427003D4D62 /* GeneralViewController.storyboard in Resources */ = {isa = PBXBuildFile; fileRef = 4B5B1E2421EE4427003D4D62 /* GeneralViewController.storyboard */; };
		4B5B1E2721EE4AFC003D4D62 /* CheckViewController.storyboard in Resources */ = {isa = PBXBuildFile; fileRef = 4B5B1E2621EE4AFC003D4D62 /* CheckViewController.storyboard */; };
		4B5B1E2921EE4B13003D4D62 /* CheckViewController.swift in Sources */ = {isa = PBXBuildFile; fileRef = 4B5B1E2821EE4B13003D4D62 /* CheckViewController.swift */; };
		4B6CD6A021F1003D00DA9F1D /* HistoryTableViewCell.swift in Sources */ = {isa = PBXBuildFile; fileRef = 4B6CD69F21F1003D00DA9F1D /* HistoryTableViewCell.swift */; };
		4BD5FAA121F0C1870078FE78 /* DesignableView.swift in Sources */ = {isa = PBXBuildFile; fileRef = 4BD5FAA021F0C1870078FE78 /* DesignableView.swift */; };
		4BF4BCAF2212611C0094FA29 /* Routes.swift in Sources */ = {isa = PBXBuildFile; fileRef = 4BF4BCAE2212611C0094FA29 /* Routes.swift */; };
		4BF4BCB22212627F0094FA29 /* Check.swift in Sources */ = {isa = PBXBuildFile; fileRef = 4BF4BCB12212627F0094FA29 /* Check.swift */; };
		4BF4BCB4221262ED0094FA29 /* Result.swift in Sources */ = {isa = PBXBuildFile; fileRef = 4BF4BCB3221262ED0094FA29 /* Result.swift */; };
		4BF4BCB62212631D0094FA29 /* NetworkService.swift in Sources */ = {isa = PBXBuildFile; fileRef = 4BF4BCB52212631D0094FA29 /* NetworkService.swift */; };
		F383E9B991D51AD81D090AC8 /* Pods_Cheese.framework in Frameworks */ = {isa = PBXBuildFile; fileRef = D38B4DCAA64B1A9E9E993660 /* Pods_Cheese.framework */; };
/* End PBXBuildFile section */

/* Begin PBXFileReference section */
		4B15378F22160FBD009B5E52 /* LoginViewController.swift */ = {isa = PBXFileReference; lastKnownFileType = sourcecode.swift; path = LoginViewController.swift; sourceTree = "<group>"; };
		4B15379222161136009B5E52 /* Storage.swift */ = {isa = PBXFileReference; lastKnownFileType = sourcecode.swift; path = Storage.swift; sourceTree = "<group>"; };
		4B1537942216A02E009B5E52 /* Switcher.swift */ = {isa = PBXFileReference; lastKnownFileType = sourcecode.swift; path = Switcher.swift; sourceTree = "<group>"; };
		4B1537962216C4BC009B5E52 /* Login.swift */ = {isa = PBXFileReference; lastKnownFileType = sourcecode.swift; path = Login.swift; sourceTree = "<group>"; };
		4B15379822175D8A009B5E52 /* InfoFinance.swift */ = {isa = PBXFileReference; lastKnownFileType = sourcecode.swift; path = InfoFinance.swift; sourceTree = "<group>"; };
		4B15379C221A074B009B5E52 /* CreateCheckViewController.swift */ = {isa = PBXFileReference; lastKnownFileType = sourcecode.swift; path = CreateCheckViewController.swift; sourceTree = "<group>"; };
		4B15379E221A075C009B5E52 /* CreateCheckViewController.storyboard */ = {isa = PBXFileReference; lastKnownFileType = file.storyboard; path = CreateCheckViewController.storyboard; sourceTree = "<group>"; };
		4B1537A0221A0EAA009B5E52 /* ItemsViewCell.swift */ = {isa = PBXFileReference; lastKnownFileType = sourcecode.swift; path = ItemsViewCell.swift; sourceTree = "<group>"; };
		4B1537A4221AF747009B5E52 /* CreateItemsViewController.swift */ = {isa = PBXFileReference; lastKnownFileType = sourcecode.swift; path = CreateItemsViewController.swift; sourceTree = "<group>"; };
		4B1537A6221AF955009B5E52 /* CreateItemsViewController.storyboard */ = {isa = PBXFileReference; lastKnownFileType = file.storyboard; path = CreateItemsViewController.storyboard; sourceTree = "<group>"; };
		4B1537A9221B056E009B5E52 /* IncomingViewController.storyboard */ = {isa = PBXFileReference; lastKnownFileType = file.storyboard; path = IncomingViewController.storyboard; sourceTree = "<group>"; };
		4B1537AB221B059F009B5E52 /* IncomingViewController.swift */ = {isa = PBXFileReference; lastKnownFileType = sourcecode.swift; path = IncomingViewController.swift; sourceTree = "<group>"; };
		4B1537AD221B28A1009B5E52 /* Incoming.swift */ = {isa = PBXFileReference; lastKnownFileType = sourcecode.swift; path = Incoming.swift; sourceTree = "<group>"; };
		4B1537B0221BCE32009B5E52 /* CreateIncomingViewController.swift */ = {isa = PBXFileReference; lastKnownFileType = sourcecode.swift; path = CreateIncomingViewController.swift; sourceTree = "<group>"; };
		4B1537B2221BCE45009B5E52 /* CreateIncomingViewController.storyboard */ = {isa = PBXFileReference; lastKnownFileType = file.storyboard; path = CreateIncomingViewController.storyboard; sourceTree = "<group>"; };
		4B1537B4221BDDD8009B5E52 /* MessageId.swift */ = {isa = PBXFileReference; lastKnownFileType = sourcecode.swift; path = MessageId.swift; sourceTree = "<group>"; };
		4B1537B7221C1480009B5E52 /* Extention+Date.swift */ = {isa = PBXFileReference; lastKnownFileType = sourcecode.swift; path = "Extention+Date.swift"; sourceTree = "<group>"; };
		4B1537BA221CD6EE009B5E52 /* SignUpViewController.swift */ = {isa = PBXFileReference; lastKnownFileType = sourcecode.swift; path = SignUpViewController.swift; sourceTree = "<group>"; };
		4B1537BC221CD709009B5E52 /* SignUpViewController.storyboard */ = {isa = PBXFileReference; lastKnownFileType = file.storyboard; path = SignUpViewController.storyboard; sourceTree = "<group>"; };
		4B1537BE221DA18A009B5E52 /* CheckTableViewCell.swift */ = {isa = PBXFileReference; lastKnownFileType = sourcecode.swift; path = CheckTableViewCell.swift; sourceTree = "<group>"; };
		4B1537C1221DC0EA009B5E52 /* ItemViewController.swift */ = {isa = PBXFileReference; lastKnownFileType = sourcecode.swift; path = ItemViewController.swift; sourceTree = "<group>"; };
		4B1537C3221DC108009B5E52 /* ItemViewController.storyboard */ = {isa = PBXFileReference; lastKnownFileType = file.storyboard; path = ItemViewController.storyboard; sourceTree = "<group>"; };
		4B1537C6221DC43A009B5E52 /* ItemCreateViewController.storyboard */ = {isa = PBXFileReference; lastKnownFileType = file.storyboard; path = ItemCreateViewController.storyboard; sourceTree = "<group>"; };
		4B1537C8221DC469009B5E52 /* ItemCreateViewController.swift */ = {isa = PBXFileReference; lastKnownFileType = sourcecode.swift; path = ItemCreateViewController.swift; sourceTree = "<group>"; };
		4B1537CB221F2DD2009B5E52 /* UpdateIncomingViewController.swift */ = {isa = PBXFileReference; lastKnownFileType = sourcecode.swift; path = UpdateIncomingViewController.swift; sourceTree = "<group>"; };
		4B1537CD221F2E18009B5E52 /* UpdateIncomingViewController.storyboard */ = {isa = PBXFileReference; lastKnownFileType = file.storyboard; path = UpdateIncomingViewController.storyboard; sourceTree = "<group>"; };
		4B52CCCC220689B7007C3139 /* LoginViewController.storyboard */ = {isa = PBXFileReference; lastKnownFileType = file.storyboard; path = LoginViewController.storyboard; sourceTree = "<group>"; };
		4B5B1E0C21EE3D26003D4D62 /* Cheese.app */ = {isa = PBXFileReference; explicitFileType = wrapper.application; includeInIndex = 0; path = Cheese.app; sourceTree = BUILT_PRODUCTS_DIR; };
		4B5B1E0F21EE3D26003D4D62 /* AppDelegate.swift */ = {isa = PBXFileReference; lastKnownFileType = sourcecode.swift; path = AppDelegate.swift; sourceTree = "<group>"; };
		4B5B1E1121EE3D26003D4D62 /* TabBarController.swift */ = {isa = PBXFileReference; lastKnownFileType = sourcecode.swift; path = TabBarController.swift; sourceTree = "<group>"; };
		4B5B1E1421EE3D26003D4D62 /* Base */ = {isa = PBXFileReference; lastKnownFileType = file.storyboard; name = Base; path = Base.lproj/TabBarController.storyboard; sourceTree = "<group>"; };
		4B5B1E1621EE3D27003D4D62 /* Assets.xcassets */ = {isa = PBXFileReference; lastKnownFileType = folder.assetcatalog; path = Assets.xcassets; sourceTree = "<group>"; };
		4B5B1E1921EE3D27003D4D62 /* Base */ = {isa = PBXFileReference; lastKnownFileType = file.storyboard; name = Base; path = Base.lproj/LaunchScreen.storyboard; sourceTree = "<group>"; };
		4B5B1E1B21EE3D27003D4D62 /* Info.plist */ = {isa = PBXFileReference; lastKnownFileType = text.plist.xml; path = Info.plist; sourceTree = "<group>"; };
		4B5B1E2221EE4414003D4D62 /* GeneralViewController.swift */ = {isa = PBXFileReference; lastKnownFileType = sourcecode.swift; path = GeneralViewController.swift; sourceTree = "<group>"; };
		4B5B1E2421EE4427003D4D62 /* GeneralViewController.storyboard */ = {isa = PBXFileReference; lastKnownFileType = file.storyboard; path = GeneralViewController.storyboard; sourceTree = "<group>"; };
		4B5B1E2621EE4AFC003D4D62 /* CheckViewController.storyboard */ = {isa = PBXFileReference; lastKnownFileType = file.storyboard; path = CheckViewController.storyboard; sourceTree = "<group>"; };
		4B5B1E2821EE4B13003D4D62 /* CheckViewController.swift */ = {isa = PBXFileReference; lastKnownFileType = sourcecode.swift; path = CheckViewController.swift; sourceTree = "<group>"; };
		4B6CD69F21F1003D00DA9F1D /* HistoryTableViewCell.swift */ = {isa = PBXFileReference; lastKnownFileType = sourcecode.swift; path = HistoryTableViewCell.swift; sourceTree = "<group>"; };
		4B780E7E22259233005765DB /* LICENSE */ = {isa = PBXFileReference; lastKnownFileType = text; path = LICENSE; sourceTree = "<group>"; };
		4B780E8022259233005765DB /* TaskDelegate.swift */ = {isa = PBXFileReference; lastKnownFileType = sourcecode.swift; path = TaskDelegate.swift; sourceTree = "<group>"; };
		4B780E8122259233005765DB /* MultipartFormData.swift */ = {isa = PBXFileReference; lastKnownFileType = sourcecode.swift; path = MultipartFormData.swift; sourceTree = "<group>"; };
		4B780E8222259233005765DB /* NetworkReachabilityManager.swift */ = {isa = PBXFileReference; lastKnownFileType = sourcecode.swift; path = NetworkReachabilityManager.swift; sourceTree = "<group>"; };
		4B780E8322259233005765DB /* Timeline.swift */ = {isa = PBXFileReference; lastKnownFileType = sourcecode.swift; path = Timeline.swift; sourceTree = "<group>"; };
		4B780E8422259233005765DB /* DispatchQueue+Alamofire.swift */ = {isa = PBXFileReference; lastKnownFileType = sourcecode.swift; path = "DispatchQueue+Alamofire.swift"; sourceTree = "<group>"; };
		4B780E8522259233005765DB /* Result.swift */ = {isa = PBXFileReference; lastKnownFileType = sourcecode.swift; path = Result.swift; sourceTree = "<group>"; };
		4B780E8622259233005765DB /* ParameterEncoding.swift */ = {isa = PBXFileReference; lastKnownFileType = sourcecode.swift; path = ParameterEncoding.swift; sourceTree = "<group>"; };
		4B780E8722259233005765DB /* AFError.swift */ = {isa = PBXFileReference; lastKnownFileType = sourcecode.swift; path = AFError.swift; sourceTree = "<group>"; };
		4B780E8822259233005765DB /* Validation.swift */ = {isa = PBXFileReference; lastKnownFileType = sourcecode.swift; path = Validation.swift; sourceTree = "<group>"; };
		4B780E8922259233005765DB /* Notifications.swift */ = {isa = PBXFileReference; lastKnownFileType = sourcecode.swift; path = Notifications.swift; sourceTree = "<group>"; };
		4B780E8A22259233005765DB /* Response.swift */ = {isa = PBXFileReference; lastKnownFileType = sourcecode.swift; path = Response.swift; sourceTree = "<group>"; };
		4B780E8B22259233005765DB /* Alamofire.swift */ = {isa = PBXFileReference; lastKnownFileType = sourcecode.swift; path = Alamofire.swift; sourceTree = "<group>"; };
		4B780E8C22259233005765DB /* Request.swift */ = {isa = PBXFileReference; lastKnownFileType = sourcecode.swift; path = Request.swift; sourceTree = "<group>"; };
		4B780E8D22259233005765DB /* SessionManager.swift */ = {isa = PBXFileReference; lastKnownFileType = sourcecode.swift; path = SessionManager.swift; sourceTree = "<group>"; };
		4B780E8E22259233005765DB /* ResponseSerialization.swift */ = {isa = PBXFileReference; lastKnownFileType = sourcecode.swift; path = ResponseSerialization.swift; sourceTree = "<group>"; };
		4B780E8F22259233005765DB /* ServerTrustPolicy.swift */ = {isa = PBXFileReference; lastKnownFileType = sourcecode.swift; path = ServerTrustPolicy.swift; sourceTree = "<group>"; };
		4B780E9022259233005765DB /* SessionDelegate.swift */ = {isa = PBXFileReference; lastKnownFileType = sourcecode.swift; path = SessionDelegate.swift; sourceTree = "<group>"; };
		4B780E9122259233005765DB /* README.md */ = {isa = PBXFileReference; lastKnownFileType = net.daringfireball.markdown; path = README.md; sourceTree = "<group>"; };
		4BD5FAA021F0C1870078FE78 /* DesignableView.swift */ = {isa = PBXFileReference; lastKnownFileType = sourcecode.swift; path = DesignableView.swift; sourceTree = "<group>"; };
		4BF4BCAE2212611C0094FA29 /* Routes.swift */ = {isa = PBXFileReference; lastKnownFileType = sourcecode.swift; path = Routes.swift; sourceTree = "<group>"; };
		4BF4BCB12212627F0094FA29 /* Check.swift */ = {isa = PBXFileReference; lastKnownFileType = sourcecode.swift; path = Check.swift; sourceTree = "<group>"; };
		4BF4BCB3221262ED0094FA29 /* Result.swift */ = {isa = PBXFileReference; lastKnownFileType = sourcecode.swift; path = Result.swift; sourceTree = "<group>"; };
		4BF4BCB52212631D0094FA29 /* NetworkService.swift */ = {isa = PBXFileReference; lastKnownFileType = sourcecode.swift; path = NetworkService.swift; sourceTree = "<group>"; };
		666DCFCDBB8C704AAB1FE298 /* Pods-Cheese.release.xcconfig */ = {isa = PBXFileReference; includeInIndex = 1; lastKnownFileType = text.xcconfig; name = "Pods-Cheese.release.xcconfig"; path = "Pods/Target Support Files/Pods-Cheese/Pods-Cheese.release.xcconfig"; sourceTree = "<group>"; };
		D38B4DCAA64B1A9E9E993660 /* Pods_Cheese.framework */ = {isa = PBXFileReference; explicitFileType = wrapper.framework; includeInIndex = 0; path = Pods_Cheese.framework; sourceTree = BUILT_PRODUCTS_DIR; };
		ED8F428A87F8559075686E4A /* Pods-Cheese.debug.xcconfig */ = {isa = PBXFileReference; includeInIndex = 1; lastKnownFileType = text.xcconfig; name = "Pods-Cheese.debug.xcconfig"; path = "Pods/Target Support Files/Pods-Cheese/Pods-Cheese.debug.xcconfig"; sourceTree = "<group>"; };
/* End PBXFileReference section */

/* Begin PBXFrameworksBuildPhase section */
		4B5B1E0921EE3D26003D4D62 /* Frameworks */ = {
			isa = PBXFrameworksBuildPhase;
			buildActionMask = 2147483647;
			files = (
				F383E9B991D51AD81D090AC8 /* Pods_Cheese.framework in Frameworks */,
			);
			runOnlyForDeploymentPostprocessing = 0;
		};
/* End PBXFrameworksBuildPhase section */

/* Begin PBXGroup section */
		4B15379A221A0719009B5E52 /* Check */ = {
			isa = PBXGroup;
			children = (
				4B1537C5221DC3EC009B5E52 /* ItemCreateViewController */,
				4B1537C0221DC0AF009B5E52 /* ItemViewController */,
				4B1537A3221AF70F009B5E52 /* CreateItemsViewController */,
				4B15379B221A0728009B5E52 /* CreateCheckViewController */,
				4B5B1E2A21EE4B18003D4D62 /* CheckViewController */,
			);
			path = Check;
			sourceTree = "<group>";
		};
		4B15379B221A0728009B5E52 /* CreateCheckViewController */ = {
			isa = PBXGroup;
			children = (
				4B15379C221A074B009B5E52 /* CreateCheckViewController.swift */,
				4B15379E221A075C009B5E52 /* CreateCheckViewController.storyboard */,
			);
			path = CreateCheckViewController;
			sourceTree = "<group>";
		};
		4B1537A3221AF70F009B5E52 /* CreateItemsViewController */ = {
			isa = PBXGroup;
			children = (
				4B1537A4221AF747009B5E52 /* CreateItemsViewController.swift */,
				4B1537A6221AF955009B5E52 /* CreateItemsViewController.storyboard */,
				4B1537A0221A0EAA009B5E52 /* ItemsViewCell.swift */,
			);
			path = CreateItemsViewController;
			sourceTree = "<group>";
		};
		4B1537A8221B0532009B5E52 /* Incomings */ = {
			isa = PBXGroup;
			children = (
				4B1537CA221F2DAD009B5E52 /* UpdateIncomingViewController */,
				4B1537AF221BCDF3009B5E52 /* CreateIncomingViewController */,
				4B1537A9221B056E009B5E52 /* IncomingViewController.storyboard */,
				4B1537AB221B059F009B5E52 /* IncomingViewController.swift */,
			);
			path = Incomings;
			sourceTree = "<group>";
		};
		4B1537AF221BCDF3009B5E52 /* CreateIncomingViewController */ = {
			isa = PBXGroup;
			children = (
				4B1537B0221BCE32009B5E52 /* CreateIncomingViewController.swift */,
				4B1537B2221BCE45009B5E52 /* CreateIncomingViewController.storyboard */,
			);
			path = CreateIncomingViewController;
			sourceTree = "<group>";
		};
		4B1537B6221C1464009B5E52 /* Extention */ = {
			isa = PBXGroup;
			children = (
				4B1537B7221C1480009B5E52 /* Extention+Date.swift */,
			);
			path = Extention;
			sourceTree = "<group>";
		};
		4B1537B9221CD6BF009B5E52 /* SignUpViewController */ = {
			isa = PBXGroup;
			children = (
				4B1537BA221CD6EE009B5E52 /* SignUpViewController.swift */,
				4B1537BC221CD709009B5E52 /* SignUpViewController.storyboard */,
			);
			path = SignUpViewController;
			sourceTree = "<group>";
		};
		4B1537C0221DC0AF009B5E52 /* ItemViewController */ = {
			isa = PBXGroup;
			children = (
				4B1537C1221DC0EA009B5E52 /* ItemViewController.swift */,
				4B1537C3221DC108009B5E52 /* ItemViewController.storyboard */,
			);
			path = ItemViewController;
			sourceTree = "<group>";
		};
		4B1537C5221DC3EC009B5E52 /* ItemCreateViewController */ = {
			isa = PBXGroup;
			children = (
				4B1537C6221DC43A009B5E52 /* ItemCreateViewController.storyboard */,
				4B1537C8221DC469009B5E52 /* ItemCreateViewController.swift */,
			);
			path = ItemCreateViewController;
			sourceTree = "<group>";
		};
		4B1537CA221F2DAD009B5E52 /* UpdateIncomingViewController */ = {
			isa = PBXGroup;
			children = (
				4B1537CB221F2DD2009B5E52 /* UpdateIncomingViewController.swift */,
				4B1537CD221F2E18009B5E52 /* UpdateIncomingViewController.storyboard */,
			);
			path = UpdateIncomingViewController;
			sourceTree = "<group>";
		};
		4B52CCCB220689A2007C3139 /* Auth */ = {
			isa = PBXGroup;
			children = (
				4B1537B9221CD6BF009B5E52 /* SignUpViewController */,
				4B52CCCC220689B7007C3139 /* LoginViewController.storyboard */,
				4B15378F22160FBD009B5E52 /* LoginViewController.swift */,
				4B1537942216A02E009B5E52 /* Switcher.swift */,
			);
			path = Auth;
			sourceTree = "<group>";
		};
		4B5B1E0321EE3D26003D4D62 = {
			isa = PBXGroup;
			children = (
				4B5B1E0E21EE3D26003D4D62 /* Cheese */,
				4B5B1E0D21EE3D26003D4D62 /* Products */,
				DE8C066320C66EE1EB7713DD /* Pods */,
				9D2CA8833160B72096A1BBBA /* Frameworks */,
			);
			sourceTree = "<group>";
		};
		4B5B1E0D21EE3D26003D4D62 /* Products */ = {
			isa = PBXGroup;
			children = (
				4B5B1E0C21EE3D26003D4D62 /* Cheese.app */,
			);
			name = Products;
			sourceTree = "<group>";
		};
		4B5B1E0E21EE3D26003D4D62 /* Cheese */ = {
			isa = PBXGroup;
			children = (
				4B1537B6221C1464009B5E52 /* Extention */,
				4B1537A8221B0532009B5E52 /* Incomings */,
				4B15379A221A0719009B5E52 /* Check */,
				4B52CCCB220689A2007C3139 /* Auth */,
				4BE4695F21F9185500E75F6A /* NetworkService */,
				4B5B1E2121EE43BC003D4D62 /* GeneralController */,
				4B5B1E0F21EE3D26003D4D62 /* AppDelegate.swift */,
				4B5B1E1121EE3D26003D4D62 /* TabBarController.swift */,
				4B5B1E1321EE3D26003D4D62 /* TabBarController.storyboard */,
				4B5B1E1621EE3D27003D4D62 /* Assets.xcassets */,
				4B5B1E1821EE3D27003D4D62 /* LaunchScreen.storyboard */,
				4B5B1E1B21EE3D27003D4D62 /* Info.plist */,
				4BD5FAA021F0C1870078FE78 /* DesignableView.swift */,
				4B15379222161136009B5E52 /* Storage.swift */,
			);
			path = Cheese;
			sourceTree = "<group>";
		};
		4B5B1E2121EE43BC003D4D62 /* GeneralController */ = {
			isa = PBXGroup;
			children = (
				4B5B1E2221EE4414003D4D62 /* GeneralViewController.swift */,
				4B5B1E2421EE4427003D4D62 /* GeneralViewController.storyboard */,
				4B6CD69F21F1003D00DA9F1D /* HistoryTableViewCell.swift */,
			);
			path = GeneralController;
			sourceTree = "<group>";
		};
		4B5B1E2A21EE4B18003D4D62 /* CheckViewController */ = {
			isa = PBXGroup;
			children = (
				4B5B1E2621EE4AFC003D4D62 /* CheckViewController.storyboard */,
				4B5B1E2821EE4B13003D4D62 /* CheckViewController.swift */,
				4B1537BE221DA18A009B5E52 /* CheckTableViewCell.swift */,
			);
			path = CheckViewController;
			sourceTree = "<group>";
		};
		4B780E7D22259233005765DB /* Alamofire */ = {
			isa = PBXGroup;
			children = (
				4B780E7E22259233005765DB /* LICENSE */,
				4B780E7F22259233005765DB /* Source */,
				4B780E9122259233005765DB /* README.md */,
			);
			name = Alamofire;
			path = Pods/Alamofire;
			sourceTree = "<group>";
		};
		4B780E7F22259233005765DB /* Source */ = {
			isa = PBXGroup;
			children = (
				4B780E8022259233005765DB /* TaskDelegate.swift */,
				4B780E8122259233005765DB /* MultipartFormData.swift */,
				4B780E8222259233005765DB /* NetworkReachabilityManager.swift */,
				4B780E8322259233005765DB /* Timeline.swift */,
				4B780E8422259233005765DB /* DispatchQueue+Alamofire.swift */,
				4B780E8522259233005765DB /* Result.swift */,
				4B780E8622259233005765DB /* ParameterEncoding.swift */,
				4B780E8722259233005765DB /* AFError.swift */,
				4B780E8822259233005765DB /* Validation.swift */,
				4B780E8922259233005765DB /* Notifications.swift */,
				4B780E8A22259233005765DB /* Response.swift */,
				4B780E8B22259233005765DB /* Alamofire.swift */,
				4B780E8C22259233005765DB /* Request.swift */,
				4B780E8D22259233005765DB /* SessionManager.swift */,
				4B780E8E22259233005765DB /* ResponseSerialization.swift */,
				4B780E8F22259233005765DB /* ServerTrustPolicy.swift */,
				4B780E9022259233005765DB /* SessionDelegate.swift */,
			);
			path = Source;
			sourceTree = "<group>";
		};
		4BE4695F21F9185500E75F6A /* NetworkService */ = {
			isa = PBXGroup;
			children = (
				4BF4BCB02212626F0094FA29 /* Models */,
				4BF4BCAE2212611C0094FA29 /* Routes.swift */,
				4BF4BCB3221262ED0094FA29 /* Result.swift */,
				4BF4BCB52212631D0094FA29 /* NetworkService.swift */,
			);
			path = NetworkService;
			sourceTree = "<group>";
		};
		4BF4BCB02212626F0094FA29 /* Models */ = {
			isa = PBXGroup;
			children = (
				4BF4BCB12212627F0094FA29 /* Check.swift */,
				4B1537962216C4BC009B5E52 /* Login.swift */,
				4B15379822175D8A009B5E52 /* InfoFinance.swift */,
				4B1537AD221B28A1009B5E52 /* Incoming.swift */,
				4B1537B4221BDDD8009B5E52 /* MessageId.swift */,
			);
			path = Models;
			sourceTree = "<group>";
		};
		9D2CA8833160B72096A1BBBA /* Frameworks */ = {
			isa = PBXGroup;
			children = (
				4B780E7D22259233005765DB /* Alamofire */,
				D38B4DCAA64B1A9E9E993660 /* Pods_Cheese.framework */,
			);
			name = Frameworks;
			sourceTree = "<group>";
		};
		DE8C066320C66EE1EB7713DD /* Pods */ = {
			isa = PBXGroup;
			children = (
				ED8F428A87F8559075686E4A /* Pods-Cheese.debug.xcconfig */,
				666DCFCDBB8C704AAB1FE298 /* Pods-Cheese.release.xcconfig */,
			);
			name = Pods;
			sourceTree = "<group>";
		};
/* End PBXGroup section */

/* Begin PBXNativeTarget section */
		4B5B1E0B21EE3D26003D4D62 /* Cheese */ = {
			isa = PBXNativeTarget;
			buildConfigurationList = 4B5B1E1E21EE3D27003D4D62 /* Build configuration list for PBXNativeTarget "Cheese" */;
			buildPhases = (
				478FECDAEE2AB247C40B8BA6 /* [CP] Check Pods Manifest.lock */,
				4B5B1E0821EE3D26003D4D62 /* Sources */,
				4B5B1E0921EE3D26003D4D62 /* Frameworks */,
				4B5B1E0A21EE3D26003D4D62 /* Resources */,
				009A89E0D618AB3014E967BF /* [CP] Embed Pods Frameworks */,
			);
			buildRules = (
			);
			dependencies = (
			);
			name = Cheese;
			productName = Cheese;
			productReference = 4B5B1E0C21EE3D26003D4D62 /* Cheese.app */;
			productType = "com.apple.product-type.application";
		};
/* End PBXNativeTarget section */

/* Begin PBXProject section */
		4B5B1E0421EE3D26003D4D62 /* Project object */ = {
			isa = PBXProject;
			attributes = {
				LastSwiftUpdateCheck = 1010;
				LastUpgradeCheck = 1010;
				ORGANIZATIONNAME = "Saveliy Veprev";
				TargetAttributes = {
					4B5B1E0B21EE3D26003D4D62 = {
						CreatedOnToolsVersion = 10.1;
					};
				};
			};
			buildConfigurationList = 4B5B1E0721EE3D26003D4D62 /* Build configuration list for PBXProject "Cheese" */;
			compatibilityVersion = "Xcode 9.3";
			developmentRegion = en;
			hasScannedForEncodings = 0;
			knownRegions = (
				en,
				Base,
			);
			mainGroup = 4B5B1E0321EE3D26003D4D62;
			productRefGroup = 4B5B1E0D21EE3D26003D4D62 /* Products */;
			projectDirPath = "";
			projectRoot = "";
			targets = (
				4B5B1E0B21EE3D26003D4D62 /* Cheese */,
			);
		};
/* End PBXProject section */

/* Begin PBXResourcesBuildPhase section */
		4B5B1E0A21EE3D26003D4D62 /* Resources */ = {
			isa = PBXResourcesBuildPhase;
			buildActionMask = 2147483647;
			files = (
				4B1537A7221AF955009B5E52 /* CreateItemsViewController.storyboard in Resources */,
				4B5B1E2521EE4427003D4D62 /* GeneralViewController.storyboard in Resources */,
				4B15379F221A075C009B5E52 /* CreateCheckViewController.storyboard in Resources */,
				4B1537B3221BCE45009B5E52 /* CreateIncomingViewController.storyboard in Resources */,
				4B5B1E2721EE4AFC003D4D62 /* CheckViewController.storyboard in Resources */,
				4B52CCCD220689B7007C3139 /* LoginViewController.storyboard in Resources */,
				4B5B1E1A21EE3D27003D4D62 /* LaunchScreen.storyboard in Resources */,
				4B5B1E1721EE3D27003D4D62 /* Assets.xcassets in Resources */,
				4B5B1E1521EE3D26003D4D62 /* TabBarController.storyboard in Resources */,
				4B1537AA221B056E009B5E52 /* IncomingViewController.storyboard in Resources */,
				4B1537C4221DC108009B5E52 /* ItemViewController.storyboard in Resources */,
				4B1537BD221CD70A009B5E52 /* SignUpViewController.storyboard in Resources */,
				4B1537CE221F2E18009B5E52 /* UpdateIncomingViewController.storyboard in Resources */,
				4B1537C7221DC43A009B5E52 /* ItemCreateViewController.storyboard in Resources */,
			);
			runOnlyForDeploymentPostprocessing = 0;
		};
/* End PBXResourcesBuildPhase section */

/* Begin PBXShellScriptBuildPhase section */
		009A89E0D618AB3014E967BF /* [CP] Embed Pods Frameworks */ = {
			isa = PBXShellScriptBuildPhase;
			buildActionMask = 2147483647;
			files = (
			);
			inputFileListPaths = (
			);
			inputPaths = (
				"${PODS_ROOT}/Target Support Files/Pods-Cheese/Pods-Cheese-frameworks.sh",
				"${BUILT_PRODUCTS_DIR}/Alamofire/Alamofire.framework",
				"${BUILT_PRODUCTS_DIR}/ObjectMapper/ObjectMapper.framework",
				"${BUILT_PRODUCTS_DIR}/SwiftyJSON/SwiftyJSON.framework",
			);
			name = "[CP] Embed Pods Frameworks";
			outputFileListPaths = (
			);
			outputPaths = (
				"${TARGET_BUILD_DIR}/${FRAMEWORKS_FOLDER_PATH}/Alamofire.framework",
				"${TARGET_BUILD_DIR}/${FRAMEWORKS_FOLDER_PATH}/ObjectMapper.framework",
				"${TARGET_BUILD_DIR}/${FRAMEWORKS_FOLDER_PATH}/SwiftyJSON.framework",
			);
			runOnlyForDeploymentPostprocessing = 0;
			shellPath = /bin/sh;
			shellScript = "\"${PODS_ROOT}/Target Support Files/Pods-Cheese/Pods-Cheese-frameworks.sh\"\n";
			showEnvVarsInLog = 0;
		};
		478FECDAEE2AB247C40B8BA6 /* [CP] Check Pods Manifest.lock */ = {
			isa = PBXShellScriptBuildPhase;
			buildActionMask = 2147483647;
			files = (
			);
			inputFileListPaths = (
			);
			inputPaths = (
				"${PODS_PODFILE_DIR_PATH}/Podfile.lock",
				"${PODS_ROOT}/Manifest.lock",
			);
			name = "[CP] Check Pods Manifest.lock";
			outputFileListPaths = (
			);
			outputPaths = (
				"$(DERIVED_FILE_DIR)/Pods-Cheese-checkManifestLockResult.txt",
			);
			runOnlyForDeploymentPostprocessing = 0;
			shellPath = /bin/sh;
			shellScript = "diff \"${PODS_PODFILE_DIR_PATH}/Podfile.lock\" \"${PODS_ROOT}/Manifest.lock\" > /dev/null\nif [ $? != 0 ] ; then\n    # print error to STDERR\n    echo \"error: The sandbox is not in sync with the Podfile.lock. Run 'pod install' or update your CocoaPods installation.\" >&2\n    exit 1\nfi\n# This output is used by Xcode 'outputs' to avoid re-running this script phase.\necho \"SUCCESS\" > \"${SCRIPT_OUTPUT_FILE_0}\"\n";
			showEnvVarsInLog = 0;
		};
/* End PBXShellScriptBuildPhase section */

/* Begin PBXSourcesBuildPhase section */
		4B5B1E0821EE3D26003D4D62 /* Sources */ = {
			isa = PBXSourcesBuildPhase;
			buildActionMask = 2147483647;
			files = (
				4BF4BCB62212631D0094FA29 /* NetworkService.swift in Sources */,
				4B6CD6A021F1003D00DA9F1D /* HistoryTableViewCell.swift in Sources */,
				4B1537A1221A0EAA009B5E52 /* ItemsViewCell.swift in Sources */,
				4B1537C2221DC0EA009B5E52 /* ItemViewController.swift in Sources */,
				4BF4BCAF2212611C0094FA29 /* Routes.swift in Sources */,
				4B1537B5221BDDD8009B5E52 /* MessageId.swift in Sources */,
				4BF4BCB22212627F0094FA29 /* Check.swift in Sources */,
				4B1537AE221B28A1009B5E52 /* Incoming.swift in Sources */,
				4B5B1E2321EE4414003D4D62 /* GeneralViewController.swift in Sources */,
				4B15379322161136009B5E52 /* Storage.swift in Sources */,
				4B5B1E2921EE4B13003D4D62 /* CheckViewController.swift in Sources */,
				4B1537C9221DC469009B5E52 /* ItemCreateViewController.swift in Sources */,
				4B1537972216C4BC009B5E52 /* Login.swift in Sources */,
				4B1537BF221DA18A009B5E52 /* CheckTableViewCell.swift in Sources */,
				4B1537B1221BCE32009B5E52 /* CreateIncomingViewController.swift in Sources */,
				4BF4BCB4221262ED0094FA29 /* Result.swift in Sources */,
				4B1537B8221C1480009B5E52 /* Extention+Date.swift in Sources */,
				4B5B1E1221EE3D26003D4D62 /* TabBarController.swift in Sources */,
				4B1537952216A02E009B5E52 /* Switcher.swift in Sources */,
				4B15379D221A074B009B5E52 /* CreateCheckViewController.swift in Sources */,
				4B1537A5221AF747009B5E52 /* CreateItemsViewController.swift in Sources */,
				4B1537BB221CD6EF009B5E52 /* SignUpViewController.swift in Sources */,
				4BD5FAA121F0C1870078FE78 /* DesignableView.swift in Sources */,
				4B1537CC221F2DD2009B5E52 /* UpdateIncomingViewController.swift in Sources */,
				4B1537AC221B059F009B5E52 /* IncomingViewController.swift in Sources */,
				4B5B1E1021EE3D26003D4D62 /* AppDelegate.swift in Sources */,
				4B15379022160FBD009B5E52 /* LoginViewController.swift in Sources */,
				4B15379922175D8A009B5E52 /* InfoFinance.swift in Sources */,
			);
			runOnlyForDeploymentPostprocessing = 0;
		};
/* End PBXSourcesBuildPhase section */

/* Begin PBXVariantGroup section */
		4B5B1E1321EE3D26003D4D62 /* TabBarController.storyboard */ = {
			isa = PBXVariantGroup;
			children = (
				4B5B1E1421EE3D26003D4D62 /* Base */,
			);
			name = TabBarController.storyboard;
			sourceTree = "<group>";
		};
		4B5B1E1821EE3D27003D4D62 /* LaunchScreen.storyboard */ = {
			isa = PBXVariantGroup;
			children = (
				4B5B1E1921EE3D27003D4D62 /* Base */,
			);
			name = LaunchScreen.storyboard;
			sourceTree = "<group>";
		};
/* End PBXVariantGroup section */

/* Begin XCBuildConfiguration section */
		4B5B1E1C21EE3D27003D4D62 /* Debug */ = {
			isa = XCBuildConfiguration;
			buildSettings = {
				ALWAYS_SEARCH_USER_PATHS = NO;
				CLANG_ANALYZER_NONNULL = YES;
				CLANG_ANALYZER_NUMBER_OBJECT_CONVERSION = YES_AGGRESSIVE;
				CLANG_CXX_LANGUAGE_STANDARD = "gnu++14";
				CLANG_CXX_LIBRARY = "libc++";
				CLANG_ENABLE_MODULES = YES;
				CLANG_ENABLE_OBJC_ARC = YES;
				CLANG_ENABLE_OBJC_WEAK = YES;
				CLANG_WARN_BLOCK_CAPTURE_AUTORELEASING = YES;
				CLANG_WARN_BOOL_CONVERSION = YES;
				CLANG_WARN_COMMA = YES;
				CLANG_WARN_CONSTANT_CONVERSION = YES;
				CLANG_WARN_DEPRECATED_OBJC_IMPLEMENTATIONS = YES;
				CLANG_WARN_DIRECT_OBJC_ISA_USAGE = YES_ERROR;
				CLANG_WARN_DOCUMENTATION_COMMENTS = YES;
				CLANG_WARN_EMPTY_BODY = YES;
				CLANG_WARN_ENUM_CONVERSION = YES;
				CLANG_WARN_INFINITE_RECURSION = YES;
				CLANG_WARN_INT_CONVERSION = YES;
				CLANG_WARN_NON_LITERAL_NULL_CONVERSION = YES;
				CLANG_WARN_OBJC_IMPLICIT_RETAIN_SELF = YES;
				CLANG_WARN_OBJC_LITERAL_CONVERSION = YES;
				CLANG_WARN_OBJC_ROOT_CLASS = YES_ERROR;
				CLANG_WARN_RANGE_LOOP_ANALYSIS = YES;
				CLANG_WARN_STRICT_PROTOTYPES = YES;
				CLANG_WARN_SUSPICIOUS_MOVE = YES;
				CLANG_WARN_UNGUARDED_AVAILABILITY = YES_AGGRESSIVE;
				CLANG_WARN_UNREACHABLE_CODE = YES;
				CLANG_WARN__DUPLICATE_METHOD_MATCH = YES;
				CODE_SIGN_IDENTITY = "iPhone Developer";
				COPY_PHASE_STRIP = NO;
				DEBUG_INFORMATION_FORMAT = dwarf;
				ENABLE_STRICT_OBJC_MSGSEND = YES;
				ENABLE_TESTABILITY = YES;
				GCC_C_LANGUAGE_STANDARD = gnu11;
				GCC_DYNAMIC_NO_PIC = NO;
				GCC_NO_COMMON_BLOCKS = YES;
				GCC_OPTIMIZATION_LEVEL = 0;
				GCC_PREPROCESSOR_DEFINITIONS = (
					"DEBUG=1",
					"$(inherited)",
				);
				GCC_WARN_64_TO_32_BIT_CONVERSION = YES;
				GCC_WARN_ABOUT_RETURN_TYPE = YES_ERROR;
				GCC_WARN_UNDECLARED_SELECTOR = YES;
				GCC_WARN_UNINITIALIZED_AUTOS = YES_AGGRESSIVE;
				GCC_WARN_UNUSED_FUNCTION = YES;
				GCC_WARN_UNUSED_VARIABLE = YES;
				IPHONEOS_DEPLOYMENT_TARGET = 12.1;
				MTL_ENABLE_DEBUG_INFO = INCLUDE_SOURCE;
				MTL_FAST_MATH = YES;
				ONLY_ACTIVE_ARCH = YES;
				SDKROOT = iphoneos;
				SWIFT_ACTIVE_COMPILATION_CONDITIONS = DEBUG;
				SWIFT_OPTIMIZATION_LEVEL = "-Onone";
			};
			name = Debug;
		};
		4B5B1E1D21EE3D27003D4D62 /* Release */ = {
			isa = XCBuildConfiguration;
			buildSettings = {
				ALWAYS_SEARCH_USER_PATHS = NO;
				CLANG_ANALYZER_NONNULL = YES;
				CLANG_ANALYZER_NUMBER_OBJECT_CONVERSION = YES_AGGRESSIVE;
				CLANG_CXX_LANGUAGE_STANDARD = "gnu++14";
				CLANG_CXX_LIBRARY = "libc++";
				CLANG_ENABLE_MODULES = YES;
				CLANG_ENABLE_OBJC_ARC = YES;
				CLANG_ENABLE_OBJC_WEAK = YES;
				CLANG_WARN_BLOCK_CAPTURE_AUTORELEASING = YES;
				CLANG_WARN_BOOL_CONVERSION = YES;
				CLANG_WARN_COMMA = YES;
				CLANG_WARN_CONSTANT_CONVERSION = YES;
				CLANG_WARN_DEPRECATED_OBJC_IMPLEMENTATIONS = YES;
				CLANG_WARN_DIRECT_OBJC_ISA_USAGE = YES_ERROR;
				CLANG_WARN_DOCUMENTATION_COMMENTS = YES;
				CLANG_WARN_EMPTY_BODY = YES;
				CLANG_WARN_ENUM_CONVERSION = YES;
				CLANG_WARN_INFINITE_RECURSION = YES;
				CLANG_WARN_INT_CONVERSION = YES;
				CLANG_WARN_NON_LITERAL_NULL_CONVERSION = YES;
				CLANG_WARN_OBJC_IMPLICIT_RETAIN_SELF = YES;
				CLANG_WARN_OBJC_LITERAL_CONVERSION = YES;
				CLANG_WARN_OBJC_ROOT_CLASS = YES_ERROR;
				CLANG_WARN_RANGE_LOOP_ANALYSIS = YES;
				CLANG_WARN_STRICT_PROTOTYPES = YES;
				CLANG_WARN_SUSPICIOUS_MOVE = YES;
				CLANG_WARN_UNGUARDED_AVAILABILITY = YES_AGGRESSIVE;
				CLANG_WARN_UNREACHABLE_CODE = YES;
				CLANG_WARN__DUPLICATE_METHOD_MATCH = YES;
				CODE_SIGN_IDENTITY = "iPhone Developer";
				COPY_PHASE_STRIP = NO;
				DEBUG_INFORMATION_FORMAT = "dwarf-with-dsym";
				ENABLE_NS_ASSERTIONS = NO;
				ENABLE_STRICT_OBJC_MSGSEND = YES;
				GCC_C_LANGUAGE_STANDARD = gnu11;
				GCC_NO_COMMON_BLOCKS = YES;
				GCC_WARN_64_TO_32_BIT_CONVERSION = YES;
				GCC_WARN_ABOUT_RETURN_TYPE = YES_ERROR;
				GCC_WARN_UNDECLARED_SELECTOR = YES;
				GCC_WARN_UNINITIALIZED_AUTOS = YES_AGGRESSIVE;
				GCC_WARN_UNUSED_FUNCTION = YES;
				GCC_WARN_UNUSED_VARIABLE = YES;
				IPHONEOS_DEPLOYMENT_TARGET = 12.1;
				MTL_ENABLE_DEBUG_INFO = NO;
				MTL_FAST_MATH = YES;
				SDKROOT = iphoneos;
				SWIFT_COMPILATION_MODE = wholemodule;
				SWIFT_OPTIMIZATION_LEVEL = "-O";
				VALIDATE_PRODUCT = YES;
			};
			name = Release;
		};
		4B5B1E1F21EE3D27003D4D62 /* Debug */ = {
			isa = XCBuildConfiguration;
			baseConfigurationReference = ED8F428A87F8559075686E4A /* Pods-Cheese.debug.xcconfig */;
			buildSettings = {
				ASSETCATALOG_COMPILER_APPICON_NAME = AppIcon;
				CODE_SIGN_STYLE = Automatic;
				DEVELOPMENT_TEAM = KPPWWNWR37;
				INFOPLIST_FILE = Cheese/Info.plist;
				LD_RUNPATH_SEARCH_PATHS = (
					"$(inherited)",
					"@executable_path/Frameworks",
				);
				PRODUCT_BUNDLE_IDENTIFIER = com.veprev.Cheese;
				PRODUCT_NAME = "$(TARGET_NAME)";
				SWIFT_VERSION = 4.2;
				TARGETED_DEVICE_FAMILY = "1,2";
			};
			name = Debug;
		};
		4B5B1E2021EE3D27003D4D62 /* Release */ = {
			isa = XCBuildConfiguration;
			baseConfigurationReference = 666DCFCDBB8C704AAB1FE298 /* Pods-Cheese.release.xcconfig */;
			buildSettings = {
				ASSETCATALOG_COMPILER_APPICON_NAME = AppIcon;
				CODE_SIGN_STYLE = Automatic;
				DEVELOPMENT_TEAM = KPPWWNWR37;
				INFOPLIST_FILE = Cheese/Info.plist;
				LD_RUNPATH_SEARCH_PATHS = (
					"$(inherited)",
					"@executable_path/Frameworks",
				);
				PRODUCT_BUNDLE_IDENTIFIER = com.veprev.Cheese;
				PRODUCT_NAME = "$(TARGET_NAME)";
				SWIFT_VERSION = 4.2;
				TARGETED_DEVICE_FAMILY = "1,2";
			};
			name = Release;
		};
/* End XCBuildConfiguration section */

/* Begin XCConfigurationList section */
		4B5B1E0721EE3D26003D4D62 /* Build configuration list for PBXProject "Cheese" */ = {
			isa = XCConfigurationList;
			buildConfigurations = (
				4B5B1E1C21EE3D27003D4D62 /* Debug */,
				4B5B1E1D21EE3D27003D4D62 /* Release */,
			);
			defaultConfigurationIsVisible = 0;
			defaultConfigurationName = Release;
		};
		4B5B1E1E21EE3D27003D4D62 /* Build configuration list for PBXNativeTarget "Cheese" */ = {
			isa = XCConfigurationList;
			buildConfigurations = (
				4B5B1E1F21EE3D27003D4D62 /* Debug */,
				4B5B1E2021EE3D27003D4D62 /* Release */,
			);
			defaultConfigurationIsVisible = 0;
			defaultConfigurationName = Release;
		};
/* End XCConfigurationList section */
	};
	rootObject = 4B5B1E0421EE3D26003D4D62 /* Project object */;
}
